// !$*UTF8*$!
{
	archiveVersion = 1;
	classes = {
	};
	objectVersion = 46;
	objects = {

/* Begin PBXBuildFile section */
		6558ECEE1E9E16B1002C7CD6 /* AppDelegate.swift in Sources */ = {isa = PBXBuildFile; fileRef = 6558ECED1E9E16B1002C7CD6 /* AppDelegate.swift */; };
		6558ECF01E9E16B1002C7CD6 /* ViewController.swift in Sources */ = {isa = PBXBuildFile; fileRef = 6558ECEF1E9E16B1002C7CD6 /* ViewController.swift */; };
		6558ECF31E9E16B1002C7CD6 /* Main.storyboard in Resources */ = {isa = PBXBuildFile; fileRef = 6558ECF11E9E16B1002C7CD6 /* Main.storyboard */; };
		6558ECF51E9E16B1002C7CD6 /* Assets.xcassets in Resources */ = {isa = PBXBuildFile; fileRef = 6558ECF41E9E16B1002C7CD6 /* Assets.xcassets */; };
		6558ECF81E9E16B1002C7CD6 /* LaunchScreen.storyboard in Resources */ = {isa = PBXBuildFile; fileRef = 6558ECF61E9E16B1002C7CD6 /* LaunchScreen.storyboard */; };
/* End PBXBuildFile section */

/* Begin PBXFileReference section */
		6558ECEA1E9E16B1002C7CD6 /* GitUseExample.app */ = {isa = PBXFileReference; explicitFileType = wrapper.application; includeInIndex = 0; path = GitUseExample.app; sourceTree = BUILT_PRODUCTS_DIR; };
		6558ECED1E9E16B1002C7CD6 /* AppDelegate.swift */ = {isa = PBXFileReference; lastKnownFileType = sourcecode.swift; path = AppDelegate.swift; sourceTree = "<group>"; };
		6558ECEF1E9E16B1002C7CD6 /* ViewController.swift */ = {isa = PBXFileReference; lastKnownFileType = sourcecode.swift; path = ViewController.swift; sourceTree = "<group>"; };
		6558ECF21E9E16B1002C7CD6 /* Base */ = {isa = PBXFileReference; lastKnownFileType = file.storyboard; name = Base; path = Base.lproj/Main.storyboard; sourceTree = "<group>"; };
		6558ECF41E9E16B1002C7CD6 /* Assets.xcassets */ = {isa = PBXFileReference; lastKnownFileType = folder.assetcatalog; path = Assets.xcassets; sourceTree = "<group>"; };
		6558ECF71E9E16B1002C7CD6 /* Base */ = {isa = PBXFileReference; lastKnownFileType = file.storyboard; name = Base; path = Base.lproj/LaunchScreen.storyboard; sourceTree = "<group>"; };
		6558ECF91E9E16B1002C7CD6 /* Info.plist */ = {isa = PBXFileReference; lastKnownFileType = text.plist.xml; path = Info.plist; sourceTree = "<group>"; };
/* End PBXFileReference section */

/* Begin PBXFrameworksBuildPhase section */
		6558ECE71E9E16B1002C7CD6 /* Frameworks */ = {
			isa = PBXFrameworksBuildPhase;
			buildActionMask = 2147483647;
			files = (
			);
			runOnlyForDeploymentPostprocessing = 0;
		};
/* End PBXFrameworksBuildPhase section */

/* Begin PBXGroup section */
		6558ECE11E9E16B1002C7CD6 = {
			isa = PBXGroup;
			children = (
				6558ECEC1E9E16B1002C7CD6 /* GitUseExample */,
				6558ECEB1E9E16B1002C7CD6 /* Products */,
			);
			sourceTree = "<group>";
		};
		6558ECEB1E9E16B1002C7CD6 /* Products */ = {
			isa = PBXGroup;
			children = (
				6558ECEA1E9E16B1002C7CD6 /* GitUseExample.app */,
			);
			name = Products;
			sourceTree = "<group>";
		};
		6558ECEC1E9E16B1002C7CD6 /* GitUseExample */ = {
			isa = PBXGroup;
			children = (
				6558ECED1E9E16B1002C7CD6 /* AppDelegate.swift */,
				6558ECEF1E9E16B1002C7CD6 /* ViewController.swift */,
				6558ECF11E9E16B1002C7CD6 /* Main.storyboard */,
				6558ECF41E9E16B1002C7CD6 /* Assets.xcassets */,
				6558ECF61E9E16B1002C7CD6 /* LaunchScreen.storyboard */,
				6558ECF91E9E16B1002C7CD6 /* Info.plist */,
			);
			path = GitUseExample;
			sourceTree = "<group>";
		};
/* End PBXGroup section */

/* Begin PBXNativeTarget section */
		6558ECE91E9E16B1002C7CD6 /* GitUseExample */ = {
			isa = PBXNativeTarget;
			buildConfigurationList = 6558ECFC1E9E16B1002C7CD6 /* Build configuration list for PBXNativeTarget "GitUseExample" */;
			buildPhases = (
				6558ECE61E9E16B1002C7CD6 /* Sources */,
				6558ECE71E9E16B1002C7CD6 /* Frameworks */,
				6558ECE81E9E16B1002C7CD6 /* Resources */,
			);
			buildRules = (
			);
			dependencies = (
			);
			name = GitUseExample;
			productName = GitUseExample;
			productReference = 6558ECEA1E9E16B1002C7CD6 /* GitUseExample.app */;
			productType = "com.apple.product-type.application";
		};
/* End PBXNativeTarget section */

/* Begin PBXProject section */
		6558ECE21E9E16B1002C7CD6 /* Project object */ = {
			isa = PBXProject;
			attributes = {
				LastSwiftUpdateCheck = 0830;
				LastUpgradeCheck = 0830;
				ORGANIZATIONNAME = "Andre Boevink";
				TargetAttributes = {
					6558ECE91E9E16B1002C7CD6 = {
						CreatedOnToolsVersion = 8.3.1;
						DevelopmentTeam = 4RH753AMBU;
						ProvisioningStyle = Automatic;
					};
				};
			};
			buildConfigurationList = 6558ECE51E9E16B1002C7CD6 /* Build configuration list for PBXProject "GitUseExample" */;
			compatibilityVersion = "Xcode 3.2";
			developmentRegion = English;
			hasScannedForEncodings = 0;
			knownRegions = (
				en,
				Base,
			);
			mainGroup = 6558ECE11E9E16B1002C7CD6;
			productRefGroup = 6558ECEB1E9E16B1002C7CD6 /* Products */;
			projectDirPath = "";
			projectRoot = "";
			targets = (
				6558ECE91E9E16B1002C7CD6 /* GitUseExample */,
			);
		};
/* End PBXProject section */

/* Begin PBXResourcesBuildPhase section */
		6558ECE81E9E16B1002C7CD6 /* Resources */ = {
			isa = PBXResourcesBuildPhase;
			buildActionMask = 2147483647;
			files = (
				6558ECF81E9E16B1002C7CD6 /* LaunchScreen.storyboard in Resources */,
				6558ECF51E9E16B1002C7CD6 /* Assets.xcassets in Resources */,
				6558ECF31E9E16B1002C7CD6 /* Main.storyboard in Resources */,
			);
			runOnlyForDeploymentPostprocessing = 0;
		};
/* End PBXResourcesBuildPhase section */

/* Begin PBXSourcesBuildPhase section */
		6558ECE61E9E16B1002C7CD6 /* Sources */ = {
			isa = PBXSourcesBuildPhase;
			buildActionMask = 2147483647;
			files = (
				6558ECF01E9E16B1002C7CD6 /* ViewController.swift in Sources */,
				6558ECEE1E9E16B1002C7CD6 /* AppDelegate.swift in Sources */,
			);
			runOnlyForDeploymentPostprocessing = 0;
		};
/* End PBXSourcesBuildPhase section */

/* Begin PBXVariantGroup section */
		6558ECF11E9E16B1002C7CD6 /* Main.storyboard */ = {
			isa = PBXVariantGroup;
			children = (
				6558ECF21E9E16B1002C7CD6 /* Base */,
			);
			name = Main.storyboard;
			sourceTree = "<group>";
		};
		6558ECF61E9E16B1002C7CD6 /* LaunchScreen.storyboard */ = {
			isa = PBXVariantGroup;
			children = (
				6558ECF71E9E16B1002C7CD6 /* Base */,
			);
			name = LaunchScreen.storyboard;
			sourceTree = "<group>";
		};
/* End PBXVariantGroup section */

/* Begin XCBuildConfiguration section */
		6558ECFA1E9E16B1002C7CD6 /* Debug */ = {
			isa = XCBuildConfiguration;
			buildSettings = {
				ALWAYS_SEARCH_USER_PATHS = NO;
				CLANG_ANALYZER_NONNULL = YES;
				CLANG_ANALYZER_NUMBER_OBJECT_CONVERSION = YES_AGGRESSIVE;
				CLANG_CXX_LANGUAGE_STANDARD = "gnu++0x";
				CLANG_CXX_LIBRARY = "libc++";
				CLANG_ENABLE_MODULES = YES;
				CLANG_ENABLE_OBJC_ARC = YES;
				CLANG_WARN_BOOL_CONVERSION = YES;
				CLANG_WARN_CONSTANT_CONVERSION = YES;
				CLANG_WARN_DIRECT_OBJC_ISA_USAGE = YES_ERROR;
				CLANG_WARN_DOCUMENTATION_COMMENTS = YES;
				CLANG_WARN_EMPTY_BODY = YES;
				CLANG_WARN_ENUM_CONVERSION = YES;
				CLANG_WARN_INFINITE_RECURSION = YES;
				CLANG_WARN_INT_CONVERSION = YES;
				CLANG_WARN_OBJC_ROOT_CLASS = YES_ERROR;
				CLANG_WARN_SUSPICIOUS_MOVE = YES;
				CLANG_WARN_UNREACHABLE_CODE = YES;
				CLANG_WARN__DUPLICATE_METHOD_MATCH = YES;
				"CODE_SIGN_IDENTITY[sdk=iphoneos*]" = "iPhone Developer";
				COPY_PHASE_STRIP = NO;
				DEBUG_INFORMATION_FORMAT = dwarf;
				ENABLE_STRICT_OBJC_MSGSEND = YES;
				ENABLE_TESTABILITY = YES;
				GCC_C_LANGUAGE_STANDARD = gnu99;
				GCC_DYNAMIC_NO_PIC = NO;
				GCC_NO_COMMON_BLOCKS = YES;
				GCC_OPTIMIZATION_LEVEL = 0;
				GCC_PREPROCESSOR_DEFINITIONS = (
					"DEBUG=1",
					"$(inherited)",
				);
				GCC_WARN_64_TO_32_BIT_CONVERSION = YES;
				GCC_WARN_ABOUT_RETURN_TYPE = YES_ERROR;
				GCC_WARN_UNDECLARED_SELECTOR = YES;
				GCC_WARN_UNINITIALIZED_AUTOS = YES_AGGRESSIVE;
				GCC_WARN_UNUSED_FUNCTION = YES;
				GCC_WARN_UNUSED_VARIABLE = YES;
				IPHONEOS_DEPLOYMENT_TARGET = 10.3;
				MTL_ENABLE_DEBUG_INFO = YES;
				ONLY_ACTIVE_ARCH = YES;
				SDKROOT = iphoneos;
				SWIFT_ACTIVE_COMPILATION_CONDITIONS = DEBUG;
				SWIFT_OPTIMIZATION_LEVEL = "-Onone";
			};
			name = Debug;
		};
		6558ECFB1E9E16B1002C7CD6 /* Release */ = {
			isa = XCBuildConfiguration;
			buildSettings = {
				ALWAYS_SEARCH_USER_PATHS = NO;
				CLANG_ANALYZER_NONNULL = YES;
				CLANG_ANALYZER_NUMBER_OBJECT_CONVERSION = YES_AGGRESSIVE;
				CLANG_CXX_LANGUAGE_STANDARD = "gnu++0x";
				CLANG_CXX_LIBRARY = "libc++";
				CLANG_ENABLE_MODULES = YES;
				CLANG_ENABLE_OBJC_ARC = YES;
				CLANG_WARN_BOOL_CONVERSION = YES;
				CLANG_WARN_CONSTANT_CONVERSION = YES;
				CLANG_WARN_DIRECT_OBJC_ISA_USAGE = YES_ERROR;
				CLANG_WARN_DOCUMENTATION_COMMENTS = YES;
				CLANG_WARN_EMPTY_BODY = YES;
				CLANG_WARN_ENUM_CONVERSION = YES;
				CLANG_WARN_INFINITE_RECURSION = YES;
				CLANG_WARN_INT_CONVERSION = YES;
				CLANG_WARN_OBJC_ROOT_CLASS = YES_ERROR;
				CLANG_WARN_SUSPICIOUS_MOVE = YES;
				CLANG_WARN_UNREACHABLE_CODE = YES;
				CLANG_WARN__DUPLICATE_METHOD_MATCH = YES;
				"CODE_SIGN_IDENTITY[sdk=iphoneos*]" = "iPhone Developer";
				COPY_PHASE_STRIP = NO;
				DEBUG_INFORMATION_FORMAT = "dwarf-with-dsym";
				ENABLE_NS_ASSERTIONS = NO;
				ENABLE_STRICT_OBJC_MSGSEND = YES;
				GCC_C_LANGUAGE_STANDARD = gnu99;
				GCC_NO_COMMON_BLOCKS = YES;
				GCC_WARN_64_TO_32_BIT_CONVERSION = YES;
				GCC_WARN_ABOUT_RETURN_TYPE = YES_ERROR;
				GCC_WARN_UNDECLARED_SELECTOR = YES;
				GCC_WARN_UNINITIALIZED_AUTOS = YES_AGGRESSIVE;
				GCC_WARN_UNUSED_FUNCTION = YES;
				GCC_WARN_UNUSED_VARIABLE = YES;
				IPHONEOS_DEPLOYMENT_TARGET = 10.3;
				MTL_ENABLE_DEBUG_INFO = NO;
				SDKROOT = iphoneos;
				SWIFT_OPTIMIZATION_LEVEL = "-Owholemodule";
				VALIDATE_PRODUCT = YES;
			};
			name = Release;
		};
		6558ECFD1E9E16B1002C7CD6 /* Debug */ = {
			isa = XCBuildConfiguration;
			buildSettings = {
				ASSETCATALOG_COMPILER_APPICON_NAME = AppIcon;
				DEVELOPMENT_TEAM = 4RH753AMBU;
				INFOPLIST_FILE = GitUseExample/Info.plist;
				LD_RUNPATH_SEARCH_PATHS = "$(inherited) @executable_path/Frameworks";
				PRODUCT_BUNDLE_IDENTIFIER = com.DutchRascal.GitUseExample;
				PRODUCT_NAME = "$(TARGET_NAME)";
				SWIFT_VERSION = 3.0;
			};
			name = Debug;
		};
		6558ECFE1E9E16B1002C7CD6 /* Release */ = {
			isa = XCBuildConfiguration;
			buildSettings = {
				ASSETCATALOG_COMPILER_APPICON_NAME = AppIcon;
				DEVELOPMENT_TEAM = 4RH753AMBU;
				INFOPLIST_FILE = GitUseExample/Info.plist;
				LD_RUNPATH_SEARCH_PATHS = "$(inherited) @executable_path/Frameworks";
				PRODUCT_BUNDLE_IDENTIFIER = com.DutchRascal.GitUseExample;
				PRODUCT_NAME = "$(TARGET_NAME)";
				SWIFT_VERSION = 3.0;
			};
			name = Release;
		};
/* End XCBuildConfiguration section */

/* Begin XCConfigurationList section */
		6558ECE51E9E16B1002C7CD6 /* Build configuration list for PBXProject "GitUseExample" */ = {
			isa = XCConfigurationList;
			buildConfigurations = (
				6558ECFA1E9E16B1002C7CD6 /* Debug */,
				6558ECFB1E9E16B1002C7CD6 /* Release */,
			);
			defaultConfigurationIsVisible = 0;
			defaultConfigurationName = Release;
		};
		6558ECFC1E9E16B1002C7CD6 /* Build configuration list for PBXNativeTarget "GitUseExample" */ = {
			isa = XCConfigurationList;
			buildConfigurations = (
				6558ECFD1E9E16B1002C7CD6 /* Debug */,
				6558ECFE1E9E16B1002C7CD6 /* Release */,
			);
			defaultConfigurationIsVisible = 0;
		};
/* End XCConfigurationList section */
	};
	rootObject = 6558ECE21E9E16B1002C7CD6 /* Project object */;
}
